
Microsoft Visual Studio Solution File, Format Version 12.00
# Visual Studio Version 17
VisualStudioVersion = 17.1.32210.238
MinimumVisualStudioVersion = 10.0.40219.1
Project("{FAE04EC0-301F-11D3-BF4B-00C04F79EFBC}") = "CountryAPI", "CountryAPI\CountryAPI.csproj", "{35E4ED0E-F3CC-4E42-BE42-D303C99ADAAD}"
EndProject
Global
	GlobalSection(SolutionConfigurationPlatforms) = preSolution
		Debug|Any CPU = Debug|Any CPU
		Release|Any CPU = Release|Any CPU
	EndGlobalSection
	GlobalSection(ProjectConfigurationPlatforms) = postSolution
		{35E4ED0E-F3CC-4E42-BE42-D303C99ADAAD}.Debug|Any CPU.ActiveCfg = Debug|Any CPU
		{35E4ED0E-F3CC-4E42-BE42-D303C99ADAAD}.Debug|Any CPU.Build.0 = Debug|Any CPU
		{35E4ED0E-F3CC-4E42-BE42-D303C99ADAAD}.Release|Any CPU.ActiveCfg = Release|Any CPU
		{35E4ED0E-F3CC-4E42-BE42-D303C99ADAAD}.Release|Any CPU.Build.0 = Release|Any CPU
	EndGlobalSection
	GlobalSection(SolutionProperties) = preSolution
		HideSolutionNode = FALSE
	EndGlobalSection
	GlobalSection(ExtensibilityGlobals) = postSolution
		SolutionGuid = {2A5261F7-92F4-4AA9-B1B5-DD63DAE35BE7}
	EndGlobalSection
EndGlobal
